
Microsoft Visual Studio Solution File, Format Version 12.00
# Visual Studio 15
VisualStudioVersion = 15.0.28307.168
MinimumVisualStudioVersion = 10.0.40219.1
Project("{FAE04EC0-301F-11D3-BF4B-00C04F79EFBC}") = "SchoolLibrary", "SchoolLibrary\SchoolLibrary.csproj", "{8DF43284-4442-4E73-8636-DD306217577E}"
EndProject
Project("{FAE04EC0-301F-11D3-BF4B-00C04F79EFBC}") = "SchoolFormsApp", "SchoolFormsApp\SchoolFormsApp.csproj", "{AE5AA336-DB08-472A-A66C-2D1A9D4F7B47}"
EndProject
Global
	GlobalSection(SolutionConfigurationPlatforms) = preSolution
		Debug|Any CPU = Debug|Any CPU
		Release|Any CPU = Release|Any CPU
	EndGlobalSection
	GlobalSection(ProjectConfigurationPlatforms) = postSolution
		{8DF43284-4442-4E73-8636-DD306217577E}.Debug|Any CPU.ActiveCfg = Debug|Any CPU
		{8DF43284-4442-4E73-8636-DD306217577E}.Debug|Any CPU.Build.0 = Debug|Any CPU
		{8DF43284-4442-4E73-8636-DD306217577E}.Release|Any CPU.ActiveCfg = Release|Any CPU
		{8DF43284-4442-4E73-8636-DD306217577E}.Release|Any CPU.Build.0 = Release|Any CPU
		{AE5AA336-DB08-472A-A66C-2D1A9D4F7B47}.Debug|Any CPU.ActiveCfg = Debug|Any CPU
		{AE5AA336-DB08-472A-A66C-2D1A9D4F7B47}.Debug|Any CPU.Build.0 = Debug|Any CPU
		{AE5AA336-DB08-472A-A66C-2D1A9D4F7B47}.Release|Any CPU.ActiveCfg = Release|Any CPU
		{AE5AA336-DB08-472A-A66C-2D1A9D4F7B47}.Release|Any CPU.Build.0 = Release|Any CPU
	EndGlobalSection
	GlobalSection(SolutionProperties) = preSolution
		HideSolutionNode = FALSE
	EndGlobalSection
	GlobalSection(ExtensibilityGlobals) = postSolution
		SolutionGuid = {2AE97DCB-C062-48F3-B175-97758FE22CA0}
	EndGlobalSection
EndGlobal
